
Microsoft Visual Studio Solution File, Format Version 12.00
# Visual Studio 14
VisualStudioVersion = 14.0.25420.1
MinimumVisualStudioVersion = 10.0.40219.1
Project("{8BB2217D-0F2D-49D1-97BC-3654ED321F3B}") = "Simple.Migrations", "src\Simple.Migrations\Simple.Migrations.xproj", "{D9EBA58B-647F-4196-AA67-0EE9CABC16D4}"
EndProject
Project("{8BB2217D-0F2D-49D1-97BC-3654ED321F3B}") = "Simple.Migrations.IntegrationTests", "src\Simple.Migrations.IntegrationTests\Simple.Migrations.IntegrationTests.xproj", "{801BE904-9ADE-4F8A-8F2C-CB3517C63B05}"
EndProject
Project("{8BB2217D-0F2D-49D1-97BC-3654ED321F3B}") = "Simple.Migrations.UnitTests", "src\Simple.Migrations.UnitTests\Simple.Migrations.UnitTests.xproj", "{E255C6ED-F507-4E92-8420-FB135B729EBF}"
EndProject
Project("{2150E333-8FDC-42A3-9474-1A3956D46DE8}") = "Solution Items", "Solution Items", "{D9FF6CA2-297E-4C3C-BB03-9B70313E52D3}"
	ProjectSection(SolutionItems) = preProject
		global.json = global.json
	EndProjectSection
EndProject
Global
	GlobalSection(SolutionConfigurationPlatforms) = preSolution
		Debug|Any CPU = Debug|Any CPU
		Release|Any CPU = Release|Any CPU
	EndGlobalSection
	GlobalSection(ProjectConfigurationPlatforms) = postSolution
		{D9EBA58B-647F-4196-AA67-0EE9CABC16D4}.Debug|Any CPU.ActiveCfg = Debug|Any CPU
		{D9EBA58B-647F-4196-AA67-0EE9CABC16D4}.Debug|Any CPU.Build.0 = Debug|Any CPU
		{D9EBA58B-647F-4196-AA67-0EE9CABC16D4}.Release|Any CPU.ActiveCfg = Release|Any CPU
		{D9EBA58B-647F-4196-AA67-0EE9CABC16D4}.Release|Any CPU.Build.0 = Release|Any CPU
		{801BE904-9ADE-4F8A-8F2C-CB3517C63B05}.Debug|Any CPU.ActiveCfg = Debug|Any CPU
		{801BE904-9ADE-4F8A-8F2C-CB3517C63B05}.Debug|Any CPU.Build.0 = Debug|Any CPU
		{801BE904-9ADE-4F8A-8F2C-CB3517C63B05}.Release|Any CPU.ActiveCfg = Release|Any CPU
		{801BE904-9ADE-4F8A-8F2C-CB3517C63B05}.Release|Any CPU.Build.0 = Release|Any CPU
		{E255C6ED-F507-4E92-8420-FB135B729EBF}.Debug|Any CPU.ActiveCfg = Debug|Any CPU
		{E255C6ED-F507-4E92-8420-FB135B729EBF}.Debug|Any CPU.Build.0 = Debug|Any CPU
		{E255C6ED-F507-4E92-8420-FB135B729EBF}.Release|Any CPU.ActiveCfg = Release|Any CPU
		{E255C6ED-F507-4E92-8420-FB135B729EBF}.Release|Any CPU.Build.0 = Release|Any CPU
	EndGlobalSection
	GlobalSection(SolutionProperties) = preSolution
		HideSolutionNode = FALSE
	EndGlobalSection
EndGlobal
